
Microsoft Visual Studio Solution File, Format Version 12.00
# Visual Studio Version 16
VisualStudioVersion = 16.0.30204.135
MinimumVisualStudioVersion = 10.0.40219.1
Project("{9A19103F-16F7-4668-BE54-9A1E7A4F7556}") = "Microsoft.Azure.WebJobs.Extensions.Sql", "src\Microsoft.Azure.WebJobs.Extensions.Sql.csproj", "{4453B407-2CA3-4011-BDE5-247FCE5C1974}"
EndProject
Project("{FAE04EC0-301F-11D3-BF4B-00C04F79EFBC}") = "SqlApplication", "application\SqlApplication.csproj", "{C4CB91FF-3B7D-4810-974C-C21421006EC7}"
EndProject
Global
	GlobalSection(SolutionConfigurationPlatforms) = preSolution
		Debug|Any CPU = Debug|Any CPU
		Release|Any CPU = Release|Any CPU
	EndGlobalSection
	GlobalSection(ProjectConfigurationPlatforms) = postSolution
		{B2E0EFB9-BEDB-48F7-BD5A-0E1010333475}.Debug|Any CPU.ActiveCfg = Debug|Any CPU
		{B2E0EFB9-BEDB-48F7-BD5A-0E1010333475}.Debug|Any CPU.Build.0 = Debug|Any CPU
		{B2E0EFB9-BEDB-48F7-BD5A-0E1010333475}.Release|Any CPU.ActiveCfg = Release|Any CPU
		{B2E0EFB9-BEDB-48F7-BD5A-0E1010333475}.Release|Any CPU.Build.0 = Release|Any CPU
		{4453B407-2CA3-4011-BDE5-247FCE5C1974}.Debug|Any CPU.ActiveCfg = Debug|Any CPU
		{4453B407-2CA3-4011-BDE5-247FCE5C1974}.Debug|Any CPU.Build.0 = Debug|Any CPU
		{4453B407-2CA3-4011-BDE5-247FCE5C1974}.Release|Any CPU.ActiveCfg = Release|Any CPU
		{4453B407-2CA3-4011-BDE5-247FCE5C1974}.Release|Any CPU.Build.0 = Release|Any CPU
		{C4CB91FF-3B7D-4810-974C-C21421006EC7}.Debug|Any CPU.ActiveCfg = Debug|Any CPU
		{C4CB91FF-3B7D-4810-974C-C21421006EC7}.Debug|Any CPU.Build.0 = Debug|Any CPU
		{C4CB91FF-3B7D-4810-974C-C21421006EC7}.Release|Any CPU.ActiveCfg = Release|Any CPU
		{C4CB91FF-3B7D-4810-974C-C21421006EC7}.Release|Any CPU.Build.0 = Release|Any CPU
	EndGlobalSection
EndGlobal
